
Microsoft Visual Studio Solution File, Format Version 12.00
Project("{FAE04EC0-301F-11D3-BF4B-00C04F79EFBC}") = "SystemintegrationEksamen", "SystemintegrationEksamen\SystemintegrationEksamen.csproj", "{A6FD69FF-EA6F-48AD-8D8C-F469A1A33AF6}"
EndProject
Global
	GlobalSection(SolutionConfigurationPlatforms) = preSolution
		Debug|Any CPU = Debug|Any CPU
		Release|Any CPU = Release|Any CPU
	EndGlobalSection
	GlobalSection(ProjectConfigurationPlatforms) = postSolution
		{A6FD69FF-EA6F-48AD-8D8C-F469A1A33AF6}.Debug|Any CPU.ActiveCfg = Debug|Any CPU
		{A6FD69FF-EA6F-48AD-8D8C-F469A1A33AF6}.Debug|Any CPU.Build.0 = Debug|Any CPU
		{A6FD69FF-EA6F-48AD-8D8C-F469A1A33AF6}.Release|Any CPU.ActiveCfg = Release|Any CPU
		{A6FD69FF-EA6F-48AD-8D8C-F469A1A33AF6}.Release|Any CPU.Build.0 = Release|Any CPU
	EndGlobalSection
EndGlobal
